
Microsoft Visual Studio Solution File, Format Version 12.00
# Visual Studio Version 16
VisualStudioVersion = 16.0.30611.23
MinimumVisualStudioVersion = 10.0.40219.1
Project("{FAE04EC0-301F-11D3-BF4B-00C04F79EFBC}") = "schedule_backend", "schedule_backend\schedule_backend.csproj", "{52A9CE20-6BDC-4FA9-B23F-612DC2B43C4D}"
EndProject
Global
	GlobalSection(SolutionConfigurationPlatforms) = preSolution
		Debug|Any CPU = Debug|Any CPU
		Release|Any CPU = Release|Any CPU
	EndGlobalSection
	GlobalSection(ProjectConfigurationPlatforms) = postSolution
		{52A9CE20-6BDC-4FA9-B23F-612DC2B43C4D}.Debug|Any CPU.ActiveCfg = Debug|Any CPU
		{52A9CE20-6BDC-4FA9-B23F-612DC2B43C4D}.Debug|Any CPU.Build.0 = Debug|Any CPU
		{52A9CE20-6BDC-4FA9-B23F-612DC2B43C4D}.Release|Any CPU.ActiveCfg = Release|Any CPU
		{52A9CE20-6BDC-4FA9-B23F-612DC2B43C4D}.Release|Any CPU.Build.0 = Release|Any CPU
	EndGlobalSection
	GlobalSection(SolutionProperties) = preSolution
		HideSolutionNode = FALSE
	EndGlobalSection
	GlobalSection(ExtensibilityGlobals) = postSolution
		SolutionGuid = {883C33A4-EA7C-4FED-BB95-71D2D09E1115}
	EndGlobalSection
EndGlobal
